
Microsoft Visual Studio Solution File, Format Version 12.00
# Visual Studio 14
VisualStudioVersion = 14.0.23107.0
MinimumVisualStudioVersion = 10.0.40219.1
Project("{F184B08F-C81C-45F6-A57F-5ABD9991F28F}") = "WebApplication1", "WebApplication1\WebApplication1.vbproj", "{334DD873-8094-4DB0-A2F7-223C09E0328F}"
EndProject
Global
	GlobalSection(SolutionConfigurationPlatforms) = preSolution
		Debug|Any CPU = Debug|Any CPU
		Release|Any CPU = Release|Any CPU
	EndGlobalSection
	GlobalSection(ProjectConfigurationPlatforms) = postSolution
		{334DD873-8094-4DB0-A2F7-223C09E0328F}.Debug|Any CPU.ActiveCfg = Debug|Any CPU
		{334DD873-8094-4DB0-A2F7-223C09E0328F}.Debug|Any CPU.Build.0 = Debug|Any CPU
		{334DD873-8094-4DB0-A2F7-223C09E0328F}.Release|Any CPU.ActiveCfg = Release|Any CPU
		{334DD873-8094-4DB0-A2F7-223C09E0328F}.Release|Any CPU.Build.0 = Release|Any CPU
	EndGlobalSection
	GlobalSection(SolutionProperties) = preSolution
		HideSolutionNode = FALSE
	EndGlobalSection
EndGlobal
